
Microsoft Visual Studio Solution File, Format Version 12.00
# Visual Studio 15
VisualStudioVersion = 15.0.28307.489
MinimumVisualStudioVersion = 10.0.40219.1
Project("{FAE04EC0-301F-11D3-BF4B-00C04F79EFBC}") = "DanRevi.Android", "DanRevi\DanRevi.Android\DanRevi.Android.csproj", "{89C0DED1-3AD5-4BEC-8C4B-4516837E841E}"
EndProject
Project("{FAE04EC0-301F-11D3-BF4B-00C04F79EFBC}") = "DanRevi.iOS", "DanRevi\DanRevi.iOS\DanRevi.iOS.csproj", "{BA75226E-D5F5-405D-ADA4-1A410F2B788D}"
EndProject
Project("{FAE04EC0-301F-11D3-BF4B-00C04F79EFBC}") = "DanRevi", "DanRevi\DanRevi\DanRevi.csproj", "{7EEB13FD-68EA-45CE-A732-DA164A35F0BE}"
EndProject
Global
	GlobalSection(SolutionConfigurationPlatforms) = preSolution
		Ad-Hoc|Any CPU = Ad-Hoc|Any CPU
		Ad-Hoc|iPhone = Ad-Hoc|iPhone
		Ad-Hoc|iPhoneSimulator = Ad-Hoc|iPhoneSimulator
		AppStore|Any CPU = AppStore|Any CPU
		AppStore|iPhone = AppStore|iPhone
		AppStore|iPhoneSimulator = AppStore|iPhoneSimulator
		Debug|Any CPU = Debug|Any CPU
		Debug|iPhone = Debug|iPhone
		Debug|iPhoneSimulator = Debug|iPhoneSimulator
		Release|Any CPU = Release|Any CPU
		Release|iPhone = Release|iPhone
		Release|iPhoneSimulator = Release|iPhoneSimulator
	EndGlobalSection
	GlobalSection(ProjectConfigurationPlatforms) = postSolution
		{89C0DED1-3AD5-4BEC-8C4B-4516837E841E}.Ad-Hoc|Any CPU.ActiveCfg = Release|Any CPU
		{89C0DED1-3AD5-4BEC-8C4B-4516837E841E}.Ad-Hoc|Any CPU.Build.0 = Release|Any CPU
		{89C0DED1-3AD5-4BEC-8C4B-4516837E841E}.Ad-Hoc|Any CPU.Deploy.0 = Release|Any CPU
		{89C0DED1-3AD5-4BEC-8C4B-4516837E841E}.Ad-Hoc|iPhone.ActiveCfg = Release|Any CPU
		{89C0DED1-3AD5-4BEC-8C4B-4516837E841E}.Ad-Hoc|iPhone.Build.0 = Release|Any CPU
		{89C0DED1-3AD5-4BEC-8C4B-4516837E841E}.Ad-Hoc|iPhone.Deploy.0 = Release|Any CPU
		{89C0DED1-3AD5-4BEC-8C4B-4516837E841E}.Ad-Hoc|iPhoneSimulator.ActiveCfg = Release|Any CPU
		{89C0DED1-3AD5-4BEC-8C4B-4516837E841E}.Ad-Hoc|iPhoneSimulator.Build.0 = Release|Any CPU
		{89C0DED1-3AD5-4BEC-8C4B-4516837E841E}.Ad-Hoc|iPhoneSimulator.Deploy.0 = Release|Any CPU
		{89C0DED1-3AD5-4BEC-8C4B-4516837E841E}.AppStore|Any CPU.ActiveCfg = Release|Any CPU
		{89C0DED1-3AD5-4BEC-8C4B-4516837E841E}.AppStore|Any CPU.Build.0 = Release|Any CPU
		{89C0DED1-3AD5-4BEC-8C4B-4516837E841E}.AppStore|Any CPU.Deploy.0 = Release|Any CPU
		{89C0DED1-3AD5-4BEC-8C4B-4516837E841E}.AppStore|iPhone.ActiveCfg = Release|Any CPU
		{89C0DED1-3AD5-4BEC-8C4B-4516837E841E}.AppStore|iPhone.Build.0 = Release|Any CPU
		{89C0DED1-3AD5-4BEC-8C4B-4516837E841E}.AppStore|iPhone.Deploy.0 = Release|Any CPU
		{89C0DED1-3AD5-4BEC-8C4B-4516837E841E}.AppStore|iPhoneSimulator.ActiveCfg = Release|Any CPU
		{89C0DED1-3AD5-4BEC-8C4B-4516837E841E}.AppStore|iPhoneSimulator.Build.0 = Release|Any CPU
		{89C0DED1-3AD5-4BEC-8C4B-4516837E841E}.AppStore|iPhoneSimulator.Deploy.0 = Release|Any CPU
		{89C0DED1-3AD5-4BEC-8C4B-4516837E841E}.Debug|Any CPU.ActiveCfg = Debug|Any CPU
		{89C0DED1-3AD5-4BEC-8C4B-4516837E841E}.Debug|Any CPU.Build.0 = Debug|Any CPU
		{89C0DED1-3AD5-4BEC-8C4B-4516837E841E}.Debug|Any CPU.Deploy.0 = Debug|Any CPU
		{89C0DED1-3AD5-4BEC-8C4B-4516837E841E}.Debug|iPhone.ActiveCfg = Debug|Any CPU
		{89C0DED1-3AD5-4BEC-8C4B-4516837E841E}.Debug|iPhone.Build.0 = Debug|Any CPU
		{89C0DED1-3AD5-4BEC-8C4B-4516837E841E}.Debug|iPhone.Deploy.0 = Debug|Any CPU
		{89C0DED1-3AD5-4BEC-8C4B-4516837E841E}.Debug|iPhoneSimulator.ActiveCfg = Debug|Any CPU
		{89C0DED1-3AD5-4BEC-8C4B-4516837E841E}.Debug|iPhoneSimulator.Build.0 = Debug|Any CPU
		{89C0DED1-3AD5-4BEC-8C4B-4516837E841E}.Debug|iPhoneSimulator.Deploy.0 = Debug|Any CPU
		{89C0DED1-3AD5-4BEC-8C4B-4516837E841E}.Release|Any CPU.ActiveCfg = Release|Any CPU
		{89C0DED1-3AD5-4BEC-8C4B-4516837E841E}.Release|Any CPU.Build.0 = Release|Any CPU
		{89C0DED1-3AD5-4BEC-8C4B-4516837E841E}.Release|Any CPU.Deploy.0 = Release|Any CPU
		{89C0DED1-3AD5-4BEC-8C4B-4516837E841E}.Release|iPhone.ActiveCfg = Release|Any CPU
		{89C0DED1-3AD5-4BEC-8C4B-4516837E841E}.Release|iPhone.Build.0 = Release|Any CPU
		{89C0DED1-3AD5-4BEC-8C4B-4516837E841E}.Release|iPhone.Deploy.0 = Release|Any CPU
		{89C0DED1-3AD5-4BEC-8C4B-4516837E841E}.Release|iPhoneSimulator.ActiveCfg = Release|Any CPU
		{89C0DED1-3AD5-4BEC-8C4B-4516837E841E}.Release|iPhoneSimulator.Build.0 = Release|Any CPU
		{89C0DED1-3AD5-4BEC-8C4B-4516837E841E}.Release|iPhoneSimulator.Deploy.0 = Release|Any CPU
		{BA75226E-D5F5-405D-ADA4-1A410F2B788D}.Ad-Hoc|Any CPU.ActiveCfg = Ad-Hoc|iPhone
		{BA75226E-D5F5-405D-ADA4-1A410F2B788D}.Ad-Hoc|Any CPU.Build.0 = Ad-Hoc|iPhone
		{BA75226E-D5F5-405D-ADA4-1A410F2B788D}.Ad-Hoc|Any CPU.Deploy.0 = Ad-Hoc|iPhone
		{BA75226E-D5F5-405D-ADA4-1A410F2B788D}.Ad-Hoc|iPhone.ActiveCfg = Ad-Hoc|iPhone
		{BA75226E-D5F5-405D-ADA4-1A410F2B788D}.Ad-Hoc|iPhone.Build.0 = Ad-Hoc|iPhone
		{BA75226E-D5F5-405D-ADA4-1A410F2B788D}.Ad-Hoc|iPhone.Deploy.0 = Ad-Hoc|iPhone
		{BA75226E-D5F5-405D-ADA4-1A410F2B788D}.Ad-Hoc|iPhoneSimulator.ActiveCfg = Ad-Hoc|iPhoneSimulator
		{BA75226E-D5F5-405D-ADA4-1A410F2B788D}.Ad-Hoc|iPhoneSimulator.Build.0 = Ad-Hoc|iPhoneSimulator
		{BA75226E-D5F5-405D-ADA4-1A410F2B788D}.Ad-Hoc|iPhoneSimulator.Deploy.0 = Ad-Hoc|iPhoneSimulator
		{BA75226E-D5F5-405D-ADA4-1A410F2B788D}.AppStore|Any CPU.ActiveCfg = AppStore|iPhone
		{BA75226E-D5F5-405D-ADA4-1A410F2B788D}.AppStore|Any CPU.Build.0 = AppStore|iPhone
		{BA75226E-D5F5-405D-ADA4-1A410F2B788D}.AppStore|Any CPU.Deploy.0 = AppStore|iPhone
		{BA75226E-D5F5-405D-ADA4-1A410F2B788D}.AppStore|iPhone.ActiveCfg = AppStore|iPhone
		{BA75226E-D5F5-405D-ADA4-1A410F2B788D}.AppStore|iPhone.Build.0 = AppStore|iPhone
		{BA75226E-D5F5-405D-ADA4-1A410F2B788D}.AppStore|iPhone.Deploy.0 = AppStore|iPhone
		{BA75226E-D5F5-405D-ADA4-1A410F2B788D}.AppStore|iPhoneSimulator.ActiveCfg = AppStore|iPhoneSimulator
		{BA75226E-D5F5-405D-ADA4-1A410F2B788D}.AppStore|iPhoneSimulator.Build.0 = AppStore|iPhoneSimulator
		{BA75226E-D5F5-405D-ADA4-1A410F2B788D}.AppStore|iPhoneSimulator.Deploy.0 = AppStore|iPhoneSimulator
		{BA75226E-D5F5-405D-ADA4-1A410F2B788D}.Debug|Any CPU.ActiveCfg = Debug|iPhoneSimulator
		{BA75226E-D5F5-405D-ADA4-1A410F2B788D}.Debug|Any CPU.Build.0 = Debug|iPhoneSimulator
		{BA75226E-D5F5-405D-ADA4-1A410F2B788D}.Debug|Any CPU.Deploy.0 = Debug|iPhoneSimulator
		{BA75226E-D5F5-405D-ADA4-1A410F2B788D}.Debug|iPhone.ActiveCfg = Debug|iPhone
		{BA75226E-D5F5-405D-ADA4-1A410F2B788D}.Debug|iPhone.Build.0 = Debug|iPhone
		{BA75226E-D5F5-405D-ADA4-1A410F2B788D}.Debug|iPhone.Deploy.0 = Debug|iPhone
		{BA75226E-D5F5-405D-ADA4-1A410F2B788D}.Debug|iPhoneSimulator.ActiveCfg = Debug|iPhoneSimulator
		{BA75226E-D5F5-405D-ADA4-1A410F2B788D}.Debug|iPhoneSimulator.Build.0 = Debug|iPhoneSimulator
		{BA75226E-D5F5-405D-ADA4-1A410F2B788D}.Debug|iPhoneSimulator.Deploy.0 = Debug|iPhoneSimulator
		{BA75226E-D5F5-405D-ADA4-1A410F2B788D}.Release|Any CPU.ActiveCfg = Release|iPhone
		{BA75226E-D5F5-405D-ADA4-1A410F2B788D}.Release|Any CPU.Build.0 = Release|iPhone
		{BA75226E-D5F5-405D-ADA4-1A410F2B788D}.Release|Any CPU.Deploy.0 = Release|iPhone
		{BA75226E-D5F5-405D-ADA4-1A410F2B788D}.Release|iPhone.ActiveCfg = Release|iPhone
		{BA75226E-D5F5-405D-ADA4-1A410F2B788D}.Release|iPhone.Build.0 = Release|iPhone
		{BA75226E-D5F5-405D-ADA4-1A410F2B788D}.Release|iPhone.Deploy.0 = Release|iPhone
		{BA75226E-D5F5-405D-ADA4-1A410F2B788D}.Release|iPhoneSimulator.ActiveCfg = Release|iPhoneSimulator
		{BA75226E-D5F5-405D-ADA4-1A410F2B788D}.Release|iPhoneSimulator.Build.0 = Release|iPhoneSimulator
		{BA75226E-D5F5-405D-ADA4-1A410F2B788D}.Release|iPhoneSimulator.Deploy.0 = Release|iPhoneSimulator
		{7EEB13FD-68EA-45CE-A732-DA164A35F0BE}.Ad-Hoc|Any CPU.ActiveCfg = Debug|Any CPU
		{7EEB13FD-68EA-45CE-A732-DA164A35F0BE}.Ad-Hoc|Any CPU.Build.0 = Debug|Any CPU
		{7EEB13FD-68EA-45CE-A732-DA164A35F0BE}.Ad-Hoc|Any CPU.Deploy.0 = Debug|Any CPU
		{7EEB13FD-68EA-45CE-A732-DA164A35F0BE}.Ad-Hoc|iPhone.ActiveCfg = Debug|Any CPU
		{7EEB13FD-68EA-45CE-A732-DA164A35F0BE}.Ad-Hoc|iPhone.Build.0 = Debug|Any CPU
		{7EEB13FD-68EA-45CE-A732-DA164A35F0BE}.Ad-Hoc|iPhone.Deploy.0 = Debug|Any CPU
		{7EEB13FD-68EA-45CE-A732-DA164A35F0BE}.Ad-Hoc|iPhoneSimulator.ActiveCfg = Debug|Any CPU
		{7EEB13FD-68EA-45CE-A732-DA164A35F0BE}.Ad-Hoc|iPhoneSimulator.Build.0 = Debug|Any CPU
		{7EEB13FD-68EA-45CE-A732-DA164A35F0BE}.Ad-Hoc|iPhoneSimulator.Deploy.0 = Debug|Any CPU
		{7EEB13FD-68EA-45CE-A732-DA164A35F0BE}.AppStore|Any CPU.ActiveCfg = Debug|Any CPU
		{7EEB13FD-68EA-45CE-A732-DA164A35F0BE}.AppStore|Any CPU.Build.0 = Debug|Any CPU
		{7EEB13FD-68EA-45CE-A732-DA164A35F0BE}.AppStore|Any CPU.Deploy.0 = Debug|Any CPU
		{7EEB13FD-68EA-45CE-A732-DA164A35F0BE}.AppStore|iPhone.ActiveCfg = Debug|Any CPU
		{7EEB13FD-68EA-45CE-A732-DA164A35F0BE}.AppStore|iPhone.Build.0 = Debug|Any CPU
		{7EEB13FD-68EA-45CE-A732-DA164A35F0BE}.AppStore|iPhone.Deploy.0 = Debug|Any CPU
		{7EEB13FD-68EA-45CE-A732-DA164A35F0BE}.AppStore|iPhoneSimulator.ActiveCfg = Debug|Any CPU
		{7EEB13FD-68EA-45CE-A732-DA164A35F0BE}.AppStore|iPhoneSimulator.Build.0 = Debug|Any CPU
		{7EEB13FD-68EA-45CE-A732-DA164A35F0BE}.AppStore|iPhoneSimulator.Deploy.0 = Debug|Any CPU
		{7EEB13FD-68EA-45CE-A732-DA164A35F0BE}.Debug|Any CPU.ActiveCfg = Debug|Any CPU
		{7EEB13FD-68EA-45CE-A732-DA164A35F0BE}.Debug|Any CPU.Build.0 = Debug|Any CPU
		{7EEB13FD-68EA-45CE-A732-DA164A35F0BE}.Debug|Any CPU.Deploy.0 = Debug|Any CPU
		{7EEB13FD-68EA-45CE-A732-DA164A35F0BE}.Debug|iPhone.ActiveCfg = Debug|Any CPU
		{7EEB13FD-68EA-45CE-A732-DA164A35F0BE}.Debug|iPhone.Build.0 = Debug|Any CPU
		{7EEB13FD-68EA-45CE-A732-DA164A35F0BE}.Debug|iPhone.Deploy.0 = Debug|Any CPU
		{7EEB13FD-68EA-45CE-A732-DA164A35F0BE}.Debug|iPhoneSimulator.ActiveCfg = Debug|Any CPU
		{7EEB13FD-68EA-45CE-A732-DA164A35F0BE}.Debug|iPhoneSimulator.Build.0 = Debug|Any CPU
		{7EEB13FD-68EA-45CE-A732-DA164A35F0BE}.Debug|iPhoneSimulator.Deploy.0 = Debug|Any CPU
		{7EEB13FD-68EA-45CE-A732-DA164A35F0BE}.Release|Any CPU.ActiveCfg = Release|Any CPU
		{7EEB13FD-68EA-45CE-A732-DA164A35F0BE}.Release|Any CPU.Build.0 = Release|Any CPU
		{7EEB13FD-68EA-45CE-A732-DA164A35F0BE}.Release|Any CPU.Deploy.0 = Release|Any CPU
		{7EEB13FD-68EA-45CE-A732-DA164A35F0BE}.Release|iPhone.ActiveCfg = Release|Any CPU
		{7EEB13FD-68EA-45CE-A732-DA164A35F0BE}.Release|iPhone.Build.0 = Release|Any CPU
		{7EEB13FD-68EA-45CE-A732-DA164A35F0BE}.Release|iPhone.Deploy.0 = Release|Any CPU
		{7EEB13FD-68EA-45CE-A732-DA164A35F0BE}.Release|iPhoneSimulator.ActiveCfg = Release|Any CPU
		{7EEB13FD-68EA-45CE-A732-DA164A35F0BE}.Release|iPhoneSimulator.Build.0 = Release|Any CPU
		{7EEB13FD-68EA-45CE-A732-DA164A35F0BE}.Release|iPhoneSimulator.Deploy.0 = Release|Any CPU
	EndGlobalSection
	GlobalSection(SolutionProperties) = preSolution
		HideSolutionNode = FALSE
	EndGlobalSection
	GlobalSection(ExtensibilityGlobals) = postSolution
		SolutionGuid = {D6E66169-2B26-439E-B975-251F1E7C9ACE}
	EndGlobalSection
EndGlobal
